
Microsoft Visual Studio Solution File, Format Version 12.00
# Visual Studio Version 16
VisualStudioVersion = 16.0.31402.337
MinimumVisualStudioVersion = 10.0.40219.1
Project("{FAE04EC0-301F-11D3-BF4B-00C04F79EFBC}") = "Ex1", "Ex1\Ex1.csproj", "{9A7E884E-99EA-484F-9483-A400E7747550}"
EndProject
Global
	GlobalSection(SolutionConfigurationPlatforms) = preSolution
		Debug|Any CPU = Debug|Any CPU
		Release|Any CPU = Release|Any CPU
	EndGlobalSection
	GlobalSection(ProjectConfigurationPlatforms) = postSolution
		{9A7E884E-99EA-484F-9483-A400E7747550}.Debug|Any CPU.ActiveCfg = Debug|Any CPU
		{9A7E884E-99EA-484F-9483-A400E7747550}.Debug|Any CPU.Build.0 = Debug|Any CPU
		{9A7E884E-99EA-484F-9483-A400E7747550}.Release|Any CPU.ActiveCfg = Release|Any CPU
		{9A7E884E-99EA-484F-9483-A400E7747550}.Release|Any CPU.Build.0 = Release|Any CPU
	EndGlobalSection
	GlobalSection(SolutionProperties) = preSolution
		HideSolutionNode = FALSE
	EndGlobalSection
	GlobalSection(ExtensibilityGlobals) = postSolution
		SolutionGuid = {16E5CC57-866C-4CC8-9311-098F90CF7D46}
	EndGlobalSection
EndGlobal
